
Microsoft Visual Studio Solution File, Format Version 12.00
# Visual Studio 2013
VisualStudioVersion = 12.0.30110.0
MinimumVisualStudioVersion = 10.0.40219.1
Project("{8BC9CEB8-8B4A-11D0-8D11-00A0C91BC942}") = "01 - BukitDanLembah", "BukitDanLembah\BukitDanLembah.vcxproj", "{BB7F4F85-F6DC-45DD-BE2C-5F9CFAC102D8}"
EndProject
Project("{8BC9CEB8-8B4A-11D0-8D11-00A0C91BC942}") = "03 - PerkalianPakDengklek", "PerkalianPakDengklek\PerkalianPakDengklek.vcxproj", "{A9C5518C-89C3-4F80-9BC5-05DB2233C0D6}"
EndProject
Project("{8BC9CEB8-8B4A-11D0-8D11-00A0C91BC942}") = "05 - BoladanGelas", "BoladanGelas\BoladanGelas.vcxproj", "{0951E65C-0E91-4C54-90DA-BCBE89D09582}"
EndProject
Project("{2150E333-8FDC-42A3-9474-1A3956D46DE8}") = "3A - Simulasi", "3A - Simulasi", "{2C2085A4-7C0E-4E3D-BFDC-CEB17FC01BFD}"
EndProject
Project("{2150E333-8FDC-42A3-9474-1A3956D46DE8}") = "Bab 03 - Ad Hoc", "Bab 03 - Ad Hoc", "{4D08F3D8-4311-4981-ACC5-38C0A3BFE06C}"
EndProject
Project("{8BC9CEB8-8B4A-11D0-8D11-00A0C91BC942}") = "04 - ParkirTruk", "ParkirTruk\ParkirTruk.vcxproj", "{9967912F-EFC0-4E35-9D6E-0B9829D78A71}"
EndProject
Project("{8BC9CEB8-8B4A-11D0-8D11-00A0C91BC942}") = "02 - TinggiKandangSusun", "02 - TinggiKandangSusun\02 - TinggiKandangSusun.vcxproj", "{D93638D9-ABC3-4BEA-B918-3739A4243706}"
EndProject
Project("{2150E333-8FDC-42A3-9474-1A3956D46DE8}") = "3B - Sorting", "3B - Sorting", "{5FEBB742-A64E-48F1-9C88-53A9844AD686}"
EndProject
Project("{8BC9CEB8-8B4A-11D0-8D11-00A0C91BC942}") = "01 - Tukar karTu", "01 - Tukar karTu\01 - Tukar karTu.vcxproj", "{57F38767-EFA7-4F37-BB10-4523344F095F}"
EndProject
Project("{8BC9CEB8-8B4A-11D0-8D11-00A0C91BC942}") = "02 - Pustakawan", "02 - Pustakawan\02 - Pustakawan.vcxproj", "{71A2CB08-029C-4555-B02C-58DD274B0E35}"
EndProject
Project("{8BC9CEB8-8B4A-11D0-8D11-00A0C91BC942}") = "03 - Median", "03 - Median\03 - Median.vcxproj", "{14A73FD9-152E-434D-8B0B-7927C6AAE34A}"
EndProject
Project("{2150E333-8FDC-42A3-9474-1A3956D46DE8}") = "3C - Teori Bilangan", "3C - Teori Bilangan", "{D9BEF15E-8835-499C-BFDD-A6272AB8D66F}"
EndProject
Project("{8BC9CEB8-8B4A-11D0-8D11-00A0C91BC942}") = "01 - FaktorisasiPrima", "3C -Teori Bilangan\01 - FaktorisasiPrima\01 - FaktorisasiPrima.vcxproj", "{D5E076DD-B3A9-47B6-9323-39E331FE694A}"
EndProject
Project("{8BC9CEB8-8B4A-11D0-8D11-00A0C91BC942}") = "03 - FaktorPersekutuanTerbesar", "3C -Teori Bilangan\03 - FaktorPersekutuanTerbesar\03 - FaktorPersekutuanTerbesar.vcxproj", "{5696FEE0-3650-442E-8AF9-451FDD394029}"
EndProject
Project("{8BC9CEB8-8B4A-11D0-8D11-00A0C91BC942}") = "02 - PrimaKe", "3C -Teori Bilangan\02 - PrimaKe\02 - PrimaKe.vcxproj", "{7E72256D-1DE5-4D62-8BDA-C446085CED8D}"
EndProject
Project("{8BC9CEB8-8B4A-11D0-8D11-00A0C91BC942}") = "05 - Faktorial", "3C -Teori Bilangan\04 - Faktorial\04 - Faktorial.vcxproj", "{9BCF38EA-9AFF-4030-B99D-D179DB8F2106}"
EndProject
Project("{8BC9CEB8-8B4A-11D0-8D11-00A0C91BC942}") = "08 - Kelipatan4atau7", "3C -Teori Bilangan\08 - Kelipatan4atau7\08 - Kelipatan4atau7.vcxproj", "{598ED167-0CD5-49F2-85C4-34979CFC19F7}"
EndProject
Project("{8BC9CEB8-8B4A-11D0-8D11-00A0C91BC942}") = "04 - PenjumlahanPecahan", "3C -Teori Bilangan\04 - PenjumlahanPecahan\04 - PenjumlahanPecahan.vcxproj", "{01601D30-8DF8-4FE8-BA72-4DDD48DE059B}"
EndProject
Project("{2150E333-8FDC-42A3-9474-1A3956D46DE8}") = "3D - Tambahan", "3D - Tambahan", "{B8199B6D-A2BD-474D-A5EB-0327E5248942}"
EndProject
Project("{8BC9CEB8-8B4A-11D0-8D11-00A0C91BC942}") = "01 - Pecahan Uang", "3D - Tambahan\01 - Pecahan Uang\01 - Pecahan Uang.vcxproj", "{AC99230C-0F9E-4527-9DCF-CB3DF0018E49}"
EndProject
Project("{8BC9CEB8-8B4A-11D0-8D11-00A0C91BC942}") = "05 - Memasang Lantai", "3D - Tambahan\05 - Memasang Lantai\05 - Memasang Lantai.vcxproj", "{E8B9F7C1-367B-45D7-AAA0-40D39B8E786F}"
EndProject
Project("{2150E333-8FDC-42A3-9474-1A3956D46DE8}") = "Bab 04 - Complete Search", "Bab 04 - Complete Search", "{6A9CE4F3-98F0-49F7-A794-A3684E942F64}"
EndProject
Project("{2150E333-8FDC-42A3-9474-1A3956D46DE8}") = "4A - Complete Search 1", "4A - Complete Search 1", "{DC8F91BA-F784-4E81-9A9C-B151D76AA981}"
EndProject
Project("{8BC9CEB8-8B4A-11D0-8D11-00A0C91BC942}") = "01 - MenggambarPegunungan", "4A - Complete Search 1\01 - MenggambarPegunungan\01 - MenggambarPegunungan.vcxproj", "{D966DD2A-B5C4-49F9-B152-01B596B89CC3}"
EndProject
Project("{8BC9CEB8-8B4A-11D0-8D11-00A0C91BC942}") = "02 - Permutasi Zig-Zag", "4A - Complete Search 1\02 - Permutasi Zig-Zag\02 - Permutasi Zig-Zag.vcxproj", "{7B811BF7-B64C-4701-8C67-06575292E0D8}"
EndProject
Project("{8BC9CEB8-8B4A-11D0-8D11-00A0C91BC942}") = "03 - Kandang Terbesar", "03 - Kandang Terbesar\03 - Kandang Terbesar.vcxproj", "{4A54B488-1EDF-4FE4-AE1A-2FF6E6E68415}"
EndProject
Project("{8BC9CEB8-8B4A-11D0-8D11-00A0C91BC942}") = "05 - Penukaran Emas", "4A - Complete Search 1\05 - Penukaran Emas\05 - Penukaran Emas.vcxproj", "{0DCAAB80-ACDE-450A-822C-FAE769D2ED11}"
EndProject
Global
	GlobalSection(SolutionConfigurationPlatforms) = preSolution
		Debug|Win32 = Debug|Win32
		Release|Win32 = Release|Win32
	EndGlobalSection
	GlobalSection(ProjectConfigurationPlatforms) = postSolution
		{BB7F4F85-F6DC-45DD-BE2C-5F9CFAC102D8}.Debug|Win32.ActiveCfg = Debug|Win32
		{BB7F4F85-F6DC-45DD-BE2C-5F9CFAC102D8}.Debug|Win32.Build.0 = Debug|Win32
		{BB7F4F85-F6DC-45DD-BE2C-5F9CFAC102D8}.Release|Win32.ActiveCfg = Release|Win32
		{BB7F4F85-F6DC-45DD-BE2C-5F9CFAC102D8}.Release|Win32.Build.0 = Release|Win32
		{A9C5518C-89C3-4F80-9BC5-05DB2233C0D6}.Debug|Win32.ActiveCfg = Debug|Win32
		{A9C5518C-89C3-4F80-9BC5-05DB2233C0D6}.Debug|Win32.Build.0 = Debug|Win32
		{A9C5518C-89C3-4F80-9BC5-05DB2233C0D6}.Release|Win32.ActiveCfg = Release|Win32
		{A9C5518C-89C3-4F80-9BC5-05DB2233C0D6}.Release|Win32.Build.0 = Release|Win32
		{0951E65C-0E91-4C54-90DA-BCBE89D09582}.Debug|Win32.ActiveCfg = Debug|Win32
		{0951E65C-0E91-4C54-90DA-BCBE89D09582}.Debug|Win32.Build.0 = Debug|Win32
		{0951E65C-0E91-4C54-90DA-BCBE89D09582}.Release|Win32.ActiveCfg = Release|Win32
		{0951E65C-0E91-4C54-90DA-BCBE89D09582}.Release|Win32.Build.0 = Release|Win32
		{9967912F-EFC0-4E35-9D6E-0B9829D78A71}.Debug|Win32.ActiveCfg = Debug|Win32
		{9967912F-EFC0-4E35-9D6E-0B9829D78A71}.Debug|Win32.Build.0 = Debug|Win32
		{9967912F-EFC0-4E35-9D6E-0B9829D78A71}.Release|Win32.ActiveCfg = Release|Win32
		{9967912F-EFC0-4E35-9D6E-0B9829D78A71}.Release|Win32.Build.0 = Release|Win32
		{D93638D9-ABC3-4BEA-B918-3739A4243706}.Debug|Win32.ActiveCfg = Debug|Win32
		{D93638D9-ABC3-4BEA-B918-3739A4243706}.Debug|Win32.Build.0 = Debug|Win32
		{D93638D9-ABC3-4BEA-B918-3739A4243706}.Release|Win32.ActiveCfg = Release|Win32
		{D93638D9-ABC3-4BEA-B918-3739A4243706}.Release|Win32.Build.0 = Release|Win32
		{57F38767-EFA7-4F37-BB10-4523344F095F}.Debug|Win32.ActiveCfg = Debug|Win32
		{57F38767-EFA7-4F37-BB10-4523344F095F}.Debug|Win32.Build.0 = Debug|Win32
		{57F38767-EFA7-4F37-BB10-4523344F095F}.Release|Win32.ActiveCfg = Release|Win32
		{57F38767-EFA7-4F37-BB10-4523344F095F}.Release|Win32.Build.0 = Release|Win32
		{71A2CB08-029C-4555-B02C-58DD274B0E35}.Debug|Win32.ActiveCfg = Debug|Win32
		{71A2CB08-029C-4555-B02C-58DD274B0E35}.Debug|Win32.Build.0 = Debug|Win32
		{71A2CB08-029C-4555-B02C-58DD274B0E35}.Release|Win32.ActiveCfg = Release|Win32
		{71A2CB08-029C-4555-B02C-58DD274B0E35}.Release|Win32.Build.0 = Release|Win32
		{14A73FD9-152E-434D-8B0B-7927C6AAE34A}.Debug|Win32.ActiveCfg = Debug|Win32
		{14A73FD9-152E-434D-8B0B-7927C6AAE34A}.Debug|Win32.Build.0 = Debug|Win32
		{14A73FD9-152E-434D-8B0B-7927C6AAE34A}.Release|Win32.ActiveCfg = Release|Win32
		{14A73FD9-152E-434D-8B0B-7927C6AAE34A}.Release|Win32.Build.0 = Release|Win32
		{D5E076DD-B3A9-47B6-9323-39E331FE694A}.Debug|Win32.ActiveCfg = Debug|Win32
		{D5E076DD-B3A9-47B6-9323-39E331FE694A}.Debug|Win32.Build.0 = Debug|Win32
		{D5E076DD-B3A9-47B6-9323-39E331FE694A}.Release|Win32.ActiveCfg = Release|Win32
		{D5E076DD-B3A9-47B6-9323-39E331FE694A}.Release|Win32.Build.0 = Release|Win32
		{5696FEE0-3650-442E-8AF9-451FDD394029}.Debug|Win32.ActiveCfg = Debug|Win32
		{5696FEE0-3650-442E-8AF9-451FDD394029}.Debug|Win32.Build.0 = Debug|Win32
		{5696FEE0-3650-442E-8AF9-451FDD394029}.Release|Win32.ActiveCfg = Release|Win32
		{5696FEE0-3650-442E-8AF9-451FDD394029}.Release|Win32.Build.0 = Release|Win32
		{7E72256D-1DE5-4D62-8BDA-C446085CED8D}.Debug|Win32.ActiveCfg = Debug|Win32
		{7E72256D-1DE5-4D62-8BDA-C446085CED8D}.Debug|Win32.Build.0 = Debug|Win32
		{7E72256D-1DE5-4D62-8BDA-C446085CED8D}.Release|Win32.ActiveCfg = Release|Win32
		{7E72256D-1DE5-4D62-8BDA-C446085CED8D}.Release|Win32.Build.0 = Release|Win32
		{9BCF38EA-9AFF-4030-B99D-D179DB8F2106}.Debug|Win32.ActiveCfg = Debug|Win32
		{9BCF38EA-9AFF-4030-B99D-D179DB8F2106}.Debug|Win32.Build.0 = Debug|Win32
		{9BCF38EA-9AFF-4030-B99D-D179DB8F2106}.Release|Win32.ActiveCfg = Release|Win32
		{9BCF38EA-9AFF-4030-B99D-D179DB8F2106}.Release|Win32.Build.0 = Release|Win32
		{598ED167-0CD5-49F2-85C4-34979CFC19F7}.Debug|Win32.ActiveCfg = Debug|Win32
		{598ED167-0CD5-49F2-85C4-34979CFC19F7}.Debug|Win32.Build.0 = Debug|Win32
		{598ED167-0CD5-49F2-85C4-34979CFC19F7}.Release|Win32.ActiveCfg = Release|Win32
		{598ED167-0CD5-49F2-85C4-34979CFC19F7}.Release|Win32.Build.0 = Release|Win32
		{01601D30-8DF8-4FE8-BA72-4DDD48DE059B}.Debug|Win32.ActiveCfg = Debug|Win32
		{01601D30-8DF8-4FE8-BA72-4DDD48DE059B}.Debug|Win32.Build.0 = Debug|Win32
		{01601D30-8DF8-4FE8-BA72-4DDD48DE059B}.Release|Win32.ActiveCfg = Release|Win32
		{01601D30-8DF8-4FE8-BA72-4DDD48DE059B}.Release|Win32.Build.0 = Release|Win32
		{AC99230C-0F9E-4527-9DCF-CB3DF0018E49}.Debug|Win32.ActiveCfg = Debug|Win32
		{AC99230C-0F9E-4527-9DCF-CB3DF0018E49}.Debug|Win32.Build.0 = Debug|Win32
		{AC99230C-0F9E-4527-9DCF-CB3DF0018E49}.Release|Win32.ActiveCfg = Release|Win32
		{AC99230C-0F9E-4527-9DCF-CB3DF0018E49}.Release|Win32.Build.0 = Release|Win32
		{E8B9F7C1-367B-45D7-AAA0-40D39B8E786F}.Debug|Win32.ActiveCfg = Debug|Win32
		{E8B9F7C1-367B-45D7-AAA0-40D39B8E786F}.Debug|Win32.Build.0 = Debug|Win32
		{E8B9F7C1-367B-45D7-AAA0-40D39B8E786F}.Release|Win32.ActiveCfg = Release|Win32
		{E8B9F7C1-367B-45D7-AAA0-40D39B8E786F}.Release|Win32.Build.0 = Release|Win32
		{D966DD2A-B5C4-49F9-B152-01B596B89CC3}.Debug|Win32.ActiveCfg = Debug|Win32
		{D966DD2A-B5C4-49F9-B152-01B596B89CC3}.Debug|Win32.Build.0 = Debug|Win32
		{D966DD2A-B5C4-49F9-B152-01B596B89CC3}.Release|Win32.ActiveCfg = Release|Win32
		{D966DD2A-B5C4-49F9-B152-01B596B89CC3}.Release|Win32.Build.0 = Release|Win32
		{7B811BF7-B64C-4701-8C67-06575292E0D8}.Debug|Win32.ActiveCfg = Debug|Win32
		{7B811BF7-B64C-4701-8C67-06575292E0D8}.Debug|Win32.Build.0 = Debug|Win32
		{7B811BF7-B64C-4701-8C67-06575292E0D8}.Release|Win32.ActiveCfg = Release|Win32
		{7B811BF7-B64C-4701-8C67-06575292E0D8}.Release|Win32.Build.0 = Release|Win32
		{4A54B488-1EDF-4FE4-AE1A-2FF6E6E68415}.Debug|Win32.ActiveCfg = Debug|Win32
		{4A54B488-1EDF-4FE4-AE1A-2FF6E6E68415}.Debug|Win32.Build.0 = Debug|Win32
		{4A54B488-1EDF-4FE4-AE1A-2FF6E6E68415}.Release|Win32.ActiveCfg = Release|Win32
		{4A54B488-1EDF-4FE4-AE1A-2FF6E6E68415}.Release|Win32.Build.0 = Release|Win32
		{0DCAAB80-ACDE-450A-822C-FAE769D2ED11}.Debug|Win32.ActiveCfg = Debug|Win32
		{0DCAAB80-ACDE-450A-822C-FAE769D2ED11}.Debug|Win32.Build.0 = Debug|Win32
		{0DCAAB80-ACDE-450A-822C-FAE769D2ED11}.Release|Win32.ActiveCfg = Release|Win32
		{0DCAAB80-ACDE-450A-822C-FAE769D2ED11}.Release|Win32.Build.0 = Release|Win32
	EndGlobalSection
	GlobalSection(SolutionProperties) = preSolution
		HideSolutionNode = FALSE
	EndGlobalSection
	GlobalSection(NestedProjects) = preSolution
		{2C2085A4-7C0E-4E3D-BFDC-CEB17FC01BFD} = {4D08F3D8-4311-4981-ACC5-38C0A3BFE06C}
		{5FEBB742-A64E-48F1-9C88-53A9844AD686} = {4D08F3D8-4311-4981-ACC5-38C0A3BFE06C}
		{D9BEF15E-8835-499C-BFDD-A6272AB8D66F} = {4D08F3D8-4311-4981-ACC5-38C0A3BFE06C}
		{B8199B6D-A2BD-474D-A5EB-0327E5248942} = {4D08F3D8-4311-4981-ACC5-38C0A3BFE06C}
		{0951E65C-0E91-4C54-90DA-BCBE89D09582} = {2C2085A4-7C0E-4E3D-BFDC-CEB17FC01BFD}
		{A9C5518C-89C3-4F80-9BC5-05DB2233C0D6} = {2C2085A4-7C0E-4E3D-BFDC-CEB17FC01BFD}
		{BB7F4F85-F6DC-45DD-BE2C-5F9CFAC102D8} = {2C2085A4-7C0E-4E3D-BFDC-CEB17FC01BFD}
		{9967912F-EFC0-4E35-9D6E-0B9829D78A71} = {2C2085A4-7C0E-4E3D-BFDC-CEB17FC01BFD}
		{D93638D9-ABC3-4BEA-B918-3739A4243706} = {2C2085A4-7C0E-4E3D-BFDC-CEB17FC01BFD}
		{57F38767-EFA7-4F37-BB10-4523344F095F} = {5FEBB742-A64E-48F1-9C88-53A9844AD686}
		{71A2CB08-029C-4555-B02C-58DD274B0E35} = {5FEBB742-A64E-48F1-9C88-53A9844AD686}
		{14A73FD9-152E-434D-8B0B-7927C6AAE34A} = {5FEBB742-A64E-48F1-9C88-53A9844AD686}
		{D5E076DD-B3A9-47B6-9323-39E331FE694A} = {D9BEF15E-8835-499C-BFDD-A6272AB8D66F}
		{5696FEE0-3650-442E-8AF9-451FDD394029} = {D9BEF15E-8835-499C-BFDD-A6272AB8D66F}
		{7E72256D-1DE5-4D62-8BDA-C446085CED8D} = {D9BEF15E-8835-499C-BFDD-A6272AB8D66F}
		{9BCF38EA-9AFF-4030-B99D-D179DB8F2106} = {D9BEF15E-8835-499C-BFDD-A6272AB8D66F}
		{598ED167-0CD5-49F2-85C4-34979CFC19F7} = {D9BEF15E-8835-499C-BFDD-A6272AB8D66F}
		{01601D30-8DF8-4FE8-BA72-4DDD48DE059B} = {D9BEF15E-8835-499C-BFDD-A6272AB8D66F}
		{AC99230C-0F9E-4527-9DCF-CB3DF0018E49} = {B8199B6D-A2BD-474D-A5EB-0327E5248942}
		{E8B9F7C1-367B-45D7-AAA0-40D39B8E786F} = {B8199B6D-A2BD-474D-A5EB-0327E5248942}
		{DC8F91BA-F784-4E81-9A9C-B151D76AA981} = {6A9CE4F3-98F0-49F7-A794-A3684E942F64}
		{D966DD2A-B5C4-49F9-B152-01B596B89CC3} = {DC8F91BA-F784-4E81-9A9C-B151D76AA981}
		{7B811BF7-B64C-4701-8C67-06575292E0D8} = {DC8F91BA-F784-4E81-9A9C-B151D76AA981}
		{4A54B488-1EDF-4FE4-AE1A-2FF6E6E68415} = {DC8F91BA-F784-4E81-9A9C-B151D76AA981}
		{0DCAAB80-ACDE-450A-822C-FAE769D2ED11} = {DC8F91BA-F784-4E81-9A9C-B151D76AA981}
	EndGlobalSection
EndGlobal
